
Microsoft Visual Studio Solution File, Format Version 12.00
# Visual Studio Version 17
VisualStudioVersion = 17.1.32210.238
MinimumVisualStudioVersion = 10.0.40219.1
Project("{2150E333-8FDC-42A3-9474-1A3956D46DE8}") = "src", "src", "{DAE9D64F-AFC6-4B8B-8AC4-4F34516E1FB0}"
EndProject
Project("{2150E333-8FDC-42A3-9474-1A3956D46DE8}") = "Services", "Services", "{59DA9440-4C21-4F41-AE0D-44CE805FDE16}"
EndProject
Project("{2150E333-8FDC-42A3-9474-1A3956D46DE8}") = "Catalog", "Catalog", "{4366027A-81D6-40DA-BCBE-65247D0A4E1E}"
EndProject
Project("{2150E333-8FDC-42A3-9474-1A3956D46DE8}") = "Libraries", "Libraries", "{AA8C7518-3E64-44C4-9672-6D3C668FD65C}"
EndProject
Project("{9A19103F-16F7-4668-BE54-9A1E7A4F7556}") = "Rise.Phone.Core", "src\Services\Catalog\Libraries\mShop.Catalog.Core\Rise.Phone.Core.csproj", "{9BB85F03-AAA5-457D-8D0C-1B82EBE46C4C}"
EndProject
Project("{9A19103F-16F7-4668-BE54-9A1E7A4F7556}") = "Rise.Phone.Data", "src\Services\Catalog\Libraries\mShop.Catalog.Data\Rise.Phone.Data.csproj", "{930E1BF6-D32E-4C66-916B-0E18E652DAA4}"
EndProject
Project("{9A19103F-16F7-4668-BE54-9A1E7A4F7556}") = "Rise.Phone.Services", "src\Services\Catalog\Libraries\mShop.Catalog.Services\Rise.Phone.Services.csproj", "{D8387E1C-8B25-4AA6-AE1D-4D06E3804F1A}"
EndProject
Project("{2150E333-8FDC-42A3-9474-1A3956D46DE8}") = "Presentation", "Presentation", "{7EB04822-C56B-4B36-8275-E0493349269B}"
EndProject
Project("{9A19103F-16F7-4668-BE54-9A1E7A4F7556}") = "Rise.Phone.Api", "src\Services\Catalog\Presentation\mShop.Catalog.Api\Rise.Phone.Api.csproj", "{5CB111FC-3D0F-407E-9FAA-540AAF0C2AF3}"
EndProject
Project("{2150E333-8FDC-42A3-9474-1A3956D46DE8}") = "Tests", "Tests", "{7439D61C-E40D-475A-8E00-85B85CD81D0B}"
EndProject
Project("{2150E333-8FDC-42A3-9474-1A3956D46DE8}") = "Common", "Common", "{FEF0E491-4588-4E70-A6EB-22F3D672F7BC}"
EndProject
Project("{E53339B2-1760-4266-BCC7-CA923CBCF16C}") = "docker-compose", "docker-compose.dcproj", "{2F47A872-D61B-4C85-91AB-64B38FD8CCFF}"
EndProject
Project("{9A19103F-16F7-4668-BE54-9A1E7A4F7556}") = "Rise.Core", "src\Common\mShop.Core\Rise.Core.csproj", "{D3735E25-06B0-49FA-93C0-B9EEA727FD27}"
EndProject
Project("{9A19103F-16F7-4668-BE54-9A1E7A4F7556}") = "Rise.EventBus", "src\Common\mShop.EventBus\Rise.EventBus.csproj", "{5EC8A028-1042-4B7C-84BA-573695B69C6D}"
EndProject
Project("{9A19103F-16F7-4668-BE54-9A1E7A4F7556}") = "Rise.Core.Test", "src\Services\Catalog\Tests\RiseTech.Core.Test\Rise.Core.Test.csproj", "{6E3558D6-3778-4B29-8297-9EF0BE9245D0}"
EndProject
Project("{9A19103F-16F7-4668-BE54-9A1E7A4F7556}") = "Rise.Services.Test", "src\Services\Catalog\Tests\RiseTech.Services.Test\Rise.Services.Test.csproj", "{E1AF178C-C763-4C0F-A3C2-B1C6AE1E84B4}"
EndProject
Project("{9A19103F-16F7-4668-BE54-9A1E7A4F7556}") = "Rise.Test", "src\Services\Catalog\Tests\RiseTech.Test\Rise.Test.csproj", "{967C65D1-1CDF-434F-A317-B46D1946FAA0}"
EndProject
Global
	GlobalSection(SolutionConfigurationPlatforms) = preSolution
		Debug|Any CPU = Debug|Any CPU
		Release|Any CPU = Release|Any CPU
	EndGlobalSection
	GlobalSection(ProjectConfigurationPlatforms) = postSolution
		{9BB85F03-AAA5-457D-8D0C-1B82EBE46C4C}.Debug|Any CPU.ActiveCfg = Debug|Any CPU
		{9BB85F03-AAA5-457D-8D0C-1B82EBE46C4C}.Debug|Any CPU.Build.0 = Debug|Any CPU
		{9BB85F03-AAA5-457D-8D0C-1B82EBE46C4C}.Release|Any CPU.ActiveCfg = Release|Any CPU
		{9BB85F03-AAA5-457D-8D0C-1B82EBE46C4C}.Release|Any CPU.Build.0 = Release|Any CPU
		{930E1BF6-D32E-4C66-916B-0E18E652DAA4}.Debug|Any CPU.ActiveCfg = Debug|Any CPU
		{930E1BF6-D32E-4C66-916B-0E18E652DAA4}.Debug|Any CPU.Build.0 = Debug|Any CPU
		{930E1BF6-D32E-4C66-916B-0E18E652DAA4}.Release|Any CPU.ActiveCfg = Release|Any CPU
		{930E1BF6-D32E-4C66-916B-0E18E652DAA4}.Release|Any CPU.Build.0 = Release|Any CPU
		{D8387E1C-8B25-4AA6-AE1D-4D06E3804F1A}.Debug|Any CPU.ActiveCfg = Debug|Any CPU
		{D8387E1C-8B25-4AA6-AE1D-4D06E3804F1A}.Debug|Any CPU.Build.0 = Debug|Any CPU
		{D8387E1C-8B25-4AA6-AE1D-4D06E3804F1A}.Release|Any CPU.ActiveCfg = Release|Any CPU
		{D8387E1C-8B25-4AA6-AE1D-4D06E3804F1A}.Release|Any CPU.Build.0 = Release|Any CPU
		{5CB111FC-3D0F-407E-9FAA-540AAF0C2AF3}.Debug|Any CPU.ActiveCfg = Debug|Any CPU
		{5CB111FC-3D0F-407E-9FAA-540AAF0C2AF3}.Debug|Any CPU.Build.0 = Debug|Any CPU
		{5CB111FC-3D0F-407E-9FAA-540AAF0C2AF3}.Release|Any CPU.ActiveCfg = Release|Any CPU
		{5CB111FC-3D0F-407E-9FAA-540AAF0C2AF3}.Release|Any CPU.Build.0 = Release|Any CPU
		{2F47A872-D61B-4C85-91AB-64B38FD8CCFF}.Debug|Any CPU.ActiveCfg = Debug|Any CPU
		{2F47A872-D61B-4C85-91AB-64B38FD8CCFF}.Debug|Any CPU.Build.0 = Debug|Any CPU
		{2F47A872-D61B-4C85-91AB-64B38FD8CCFF}.Release|Any CPU.ActiveCfg = Release|Any CPU
		{2F47A872-D61B-4C85-91AB-64B38FD8CCFF}.Release|Any CPU.Build.0 = Release|Any CPU
		{D3735E25-06B0-49FA-93C0-B9EEA727FD27}.Debug|Any CPU.ActiveCfg = Debug|Any CPU
		{D3735E25-06B0-49FA-93C0-B9EEA727FD27}.Debug|Any CPU.Build.0 = Debug|Any CPU
		{D3735E25-06B0-49FA-93C0-B9EEA727FD27}.Release|Any CPU.ActiveCfg = Release|Any CPU
		{D3735E25-06B0-49FA-93C0-B9EEA727FD27}.Release|Any CPU.Build.0 = Release|Any CPU
		{5EC8A028-1042-4B7C-84BA-573695B69C6D}.Debug|Any CPU.ActiveCfg = Debug|Any CPU
		{5EC8A028-1042-4B7C-84BA-573695B69C6D}.Debug|Any CPU.Build.0 = Debug|Any CPU
		{5EC8A028-1042-4B7C-84BA-573695B69C6D}.Release|Any CPU.ActiveCfg = Release|Any CPU
		{5EC8A028-1042-4B7C-84BA-573695B69C6D}.Release|Any CPU.Build.0 = Release|Any CPU
		{6E3558D6-3778-4B29-8297-9EF0BE9245D0}.Debug|Any CPU.ActiveCfg = Debug|Any CPU
		{6E3558D6-3778-4B29-8297-9EF0BE9245D0}.Debug|Any CPU.Build.0 = Debug|Any CPU
		{6E3558D6-3778-4B29-8297-9EF0BE9245D0}.Release|Any CPU.ActiveCfg = Release|Any CPU
		{6E3558D6-3778-4B29-8297-9EF0BE9245D0}.Release|Any CPU.Build.0 = Release|Any CPU
		{E1AF178C-C763-4C0F-A3C2-B1C6AE1E84B4}.Debug|Any CPU.ActiveCfg = Debug|Any CPU
		{E1AF178C-C763-4C0F-A3C2-B1C6AE1E84B4}.Debug|Any CPU.Build.0 = Debug|Any CPU
		{E1AF178C-C763-4C0F-A3C2-B1C6AE1E84B4}.Release|Any CPU.ActiveCfg = Release|Any CPU
		{E1AF178C-C763-4C0F-A3C2-B1C6AE1E84B4}.Release|Any CPU.Build.0 = Release|Any CPU
		{967C65D1-1CDF-434F-A317-B46D1946FAA0}.Debug|Any CPU.ActiveCfg = Debug|Any CPU
		{967C65D1-1CDF-434F-A317-B46D1946FAA0}.Debug|Any CPU.Build.0 = Debug|Any CPU
		{967C65D1-1CDF-434F-A317-B46D1946FAA0}.Release|Any CPU.ActiveCfg = Release|Any CPU
		{967C65D1-1CDF-434F-A317-B46D1946FAA0}.Release|Any CPU.Build.0 = Release|Any CPU
	EndGlobalSection
	GlobalSection(SolutionProperties) = preSolution
		HideSolutionNode = FALSE
	EndGlobalSection
	GlobalSection(NestedProjects) = preSolution
		{59DA9440-4C21-4F41-AE0D-44CE805FDE16} = {DAE9D64F-AFC6-4B8B-8AC4-4F34516E1FB0}
		{4366027A-81D6-40DA-BCBE-65247D0A4E1E} = {59DA9440-4C21-4F41-AE0D-44CE805FDE16}
		{AA8C7518-3E64-44C4-9672-6D3C668FD65C} = {4366027A-81D6-40DA-BCBE-65247D0A4E1E}
		{9BB85F03-AAA5-457D-8D0C-1B82EBE46C4C} = {AA8C7518-3E64-44C4-9672-6D3C668FD65C}
		{930E1BF6-D32E-4C66-916B-0E18E652DAA4} = {AA8C7518-3E64-44C4-9672-6D3C668FD65C}
		{D8387E1C-8B25-4AA6-AE1D-4D06E3804F1A} = {AA8C7518-3E64-44C4-9672-6D3C668FD65C}
		{7EB04822-C56B-4B36-8275-E0493349269B} = {4366027A-81D6-40DA-BCBE-65247D0A4E1E}
		{5CB111FC-3D0F-407E-9FAA-540AAF0C2AF3} = {7EB04822-C56B-4B36-8275-E0493349269B}
		{7439D61C-E40D-475A-8E00-85B85CD81D0B} = {4366027A-81D6-40DA-BCBE-65247D0A4E1E}
		{FEF0E491-4588-4E70-A6EB-22F3D672F7BC} = {DAE9D64F-AFC6-4B8B-8AC4-4F34516E1FB0}
		{D3735E25-06B0-49FA-93C0-B9EEA727FD27} = {FEF0E491-4588-4E70-A6EB-22F3D672F7BC}
		{5EC8A028-1042-4B7C-84BA-573695B69C6D} = {FEF0E491-4588-4E70-A6EB-22F3D672F7BC}
		{6E3558D6-3778-4B29-8297-9EF0BE9245D0} = {7439D61C-E40D-475A-8E00-85B85CD81D0B}
		{E1AF178C-C763-4C0F-A3C2-B1C6AE1E84B4} = {7439D61C-E40D-475A-8E00-85B85CD81D0B}
		{967C65D1-1CDF-434F-A317-B46D1946FAA0} = {7439D61C-E40D-475A-8E00-85B85CD81D0B}
	EndGlobalSection
	GlobalSection(ExtensibilityGlobals) = postSolution
		SolutionGuid = {74D6BC8C-1992-4BB5-B71F-35B8B1ED37DD}
	EndGlobalSection
EndGlobal
